Microsoft Visual Studio Solution File, Format Version 12.00
# Visual Studio Version 17
VisualStudioVersion = 17.5.2.0
MinimumVisualStudioVersion = 10.0.40219.1
Project("{FAE04EC0-301F-11D3-BF4B-00C04F79EFBC}") = "EventAutoProfileBackup", "EventAutoProfileBackup\EventAutoProfileBackup.csproj", "{4C28CC95-67B3-C465-C1F9-313FA34B24B1}"
EndProject
Global
	GlobalSection(SolutionConfigurationPlatforms) = preSolution
		Debug|Any CPU = Debug|Any CPU
		Release|Any CPU = Release|Any CPU
	EndGlobalSection
	GlobalSection(ProjectConfigurationPlatforms) = postSolution
		{4C28CC95-67B3-C465-C1F9-313FA34B24B1}.Debug|Any CPU.ActiveCfg = Debug|Any CPU
		{4C28CC95-67B3-C465-C1F9-313FA34B24B1}.Debug|Any CPU.Build.0 = Debug|Any CPU
		{4C28CC95-67B3-C465-C1F9-313FA34B24B1}.Release|Any CPU.ActiveCfg = Release|Any CPU
		{4C28CC95-67B3-C465-C1F9-313FA34B24B1}.Release|Any CPU.Build.0 = Release|Any CPU
	EndGlobalSection
	GlobalSection(SolutionProperties) = preSolution
		HideSolutionNode = FALSE
	EndGlobalSection
	GlobalSection(ExtensibilityGlobals) = postSolution
		SolutionGuid = {93BBA856-C981-497D-BD10-B8EC870770B2}
	EndGlobalSection
EndGlobal
